
Microsoft Visual Studio Solution File, Format Version 12.00
# Visual Studio Version 17
VisualStudioVersion = 17.0.32112.339
MinimumVisualStudioVersion = 10.0.40219.1
Project("{9A19103F-16F7-4668-BE54-9A1E7A4F7556}") = "CrossvertiseExcercise", "CrossvertiseExcercise\CrossvertiseExcercise.csproj", "{89E3B341-DA0F-42A3-81F0-2A1772DE91C9}"
EndProject
Project("{FAE04EC0-301F-11D3-BF4B-00C04F79EFBC}") = "CrossvertiseExcersize.Tests", "CrossvertiseExcersize.Tests\CrossvertiseExcersize.Tests.csproj", "{AEBA0534-1778-4192-8D4D-8B3B12E63CD1}"
EndProject
Global
	GlobalSection(SolutionConfigurationPlatforms) = preSolution
		Debug|Any CPU = Debug|Any CPU
		Release|Any CPU = Release|Any CPU
	EndGlobalSection
	GlobalSection(ProjectConfigurationPlatforms) = postSolution
		{89E3B341-DA0F-42A3-81F0-2A1772DE91C9}.Debug|Any CPU.ActiveCfg = Debug|Any CPU
		{89E3B341-DA0F-42A3-81F0-2A1772DE91C9}.Debug|Any CPU.Build.0 = Debug|Any CPU
		{89E3B341-DA0F-42A3-81F0-2A1772DE91C9}.Release|Any CPU.ActiveCfg = Release|Any CPU
		{89E3B341-DA0F-42A3-81F0-2A1772DE91C9}.Release|Any CPU.Build.0 = Release|Any CPU
		{AEBA0534-1778-4192-8D4D-8B3B12E63CD1}.Debug|Any CPU.ActiveCfg = Debug|Any CPU
		{AEBA0534-1778-4192-8D4D-8B3B12E63CD1}.Debug|Any CPU.Build.0 = Debug|Any CPU
		{AEBA0534-1778-4192-8D4D-8B3B12E63CD1}.Release|Any CPU.ActiveCfg = Release|Any CPU
		{AEBA0534-1778-4192-8D4D-8B3B12E63CD1}.Release|Any CPU.Build.0 = Release|Any CPU
	EndGlobalSection
	GlobalSection(SolutionProperties) = preSolution
		HideSolutionNode = FALSE
	EndGlobalSection
	GlobalSection(ExtensibilityGlobals) = postSolution
		SolutionGuid = {8D555944-4C5A-4487-9CE5-D14F836EAC53}
	EndGlobalSection
EndGlobal
